
Microsoft Visual Studio Solution File, Format Version 12.00
# Visual Studio Version 16
VisualStudioVersion = 16.0.28803.452
MinimumVisualStudioVersion = 10.0.40219.1
Project("{FAE04EC0-301F-11D3-BF4B-00C04F79EFBC}") = "exam2PArt", "exam2PArt\exam2PArt.csproj", "{F0A0F31D-C179-491E-BBE8-C9933F529084}"
EndProject
Global
	GlobalSection(SolutionConfigurationPlatforms) = preSolution
		Debug|Any CPU = Debug|Any CPU
		Release|Any CPU = Release|Any CPU
	EndGlobalSection
	GlobalSection(ProjectConfigurationPlatforms) = postSolution
		{F0A0F31D-C179-491E-BBE8-C9933F529084}.Debug|Any CPU.ActiveCfg = Debug|Any CPU
		{F0A0F31D-C179-491E-BBE8-C9933F529084}.Debug|Any CPU.Build.0 = Debug|Any CPU
		{F0A0F31D-C179-491E-BBE8-C9933F529084}.Release|Any CPU.ActiveCfg = Release|Any CPU
		{F0A0F31D-C179-491E-BBE8-C9933F529084}.Release|Any CPU.Build.0 = Release|Any CPU
	EndGlobalSection
	GlobalSection(SolutionProperties) = preSolution
		HideSolutionNode = FALSE
	EndGlobalSection
	GlobalSection(ExtensibilityGlobals) = postSolution
		SolutionGuid = {8379ABE0-6FF7-4ECF-BA76-68B830282107}
	EndGlobalSection
EndGlobal
