
Microsoft Visual Studio Solution File, Format Version 12.00
# Visual Studio Version 16
VisualStudioVersion = 16.0.28803.452
MinimumVisualStudioVersion = 10.0.40219.1
Project("{FAE04EC0-301F-11D3-BF4B-00C04F79EFBC}") = "exam1", "exam1\exam1.csproj", "{AE774019-ED75-4179-B688-4E16137E3DE8}"
EndProject
Global
	GlobalSection(SolutionConfigurationPlatforms) = preSolution
		Debug|Any CPU = Debug|Any CPU
		Release|Any CPU = Release|Any CPU
	EndGlobalSection
	GlobalSection(ProjectConfigurationPlatforms) = postSolution
		{AE774019-ED75-4179-B688-4E16137E3DE8}.Debug|Any CPU.ActiveCfg = Debug|Any CPU
		{AE774019-ED75-4179-B688-4E16137E3DE8}.Debug|Any CPU.Build.0 = Debug|Any CPU
		{AE774019-ED75-4179-B688-4E16137E3DE8}.Release|Any CPU.ActiveCfg = Release|Any CPU
		{AE774019-ED75-4179-B688-4E16137E3DE8}.Release|Any CPU.Build.0 = Release|Any CPU
	EndGlobalSection
	GlobalSection(SolutionProperties) = preSolution
		HideSolutionNode = FALSE
	EndGlobalSection
	GlobalSection(ExtensibilityGlobals) = postSolution
		SolutionGuid = {CD813DE3-1C85-4F90-9B8F-A14ECA39C131}
	EndGlobalSection
EndGlobal
